// !$*UTF8*$!
{
	archiveVersion = 1;
	classes = {
	};
	objectVersion = 48;
	objects = {

/* Begin PBXBuildFile section */
		F7CBC7411F77BF150087F4CF /* main.cpp in Sources */ = {isa = PBXBuildFile; fileRef = F7CBC7401F77BF150087F4CF /* main.cpp */; };
		F7CBC7521F77BF740087F4CF /* DisjSets.cpp in Sources */ = {isa = PBXBuildFile; fileRef = F7CBC7481F77BF720087F4CF /* DisjSets.cpp */; };
		F7CBC7531F77BF740087F4CF /* Edge.cpp in Sources */ = {isa = PBXBuildFile; fileRef = F7CBC74A1F77BF720087F4CF /* Edge.cpp */; };
		F7CBC7541F77BF740087F4CF /* Graph.cpp in Sources */ = {isa = PBXBuildFile; fileRef = F7CBC74C1F77BF730087F4CF /* Graph.cpp */; };
		F7CBC7551F77BF740087F4CF /* Vertex.cpp in Sources */ = {isa = PBXBuildFile; fileRef = F7CBC74D1F77BF730087F4CF /* Vertex.cpp */; };
		F7DC70FA1F77CFD20026C998 /* Box.cpp in Sources */ = {isa = PBXBuildFile; fileRef = F7DC70F81F77CFD20026C998 /* Box.cpp */; };
/* End PBXBuildFile section */

/* Begin PBXCopyFilesBuildPhase section */
		F7CBC73B1F77BF150087F4CF /* CopyFiles */ = {
			isa = PBXCopyFilesBuildPhase;
			buildActionMask = 2147483647;
			dstPath = /usr/share/man/man1/;
			dstSubfolderSpec = 0;
			files = (
			);
			runOnlyForDeploymentPostprocessing = 1;
		};
/* End PBXCopyFilesBuildPhase section */

/* Begin PBXFileReference section */
		F7CBC73D1F77BF150087F4CF /* Sokoban */ = {isa = PBXFileReference; explicitFileType = "compiled.mach-o.executable"; includeInIndex = 0; path = Sokoban; sourceTree = BUILT_PRODUCTS_DIR; };
		F7CBC7401F77BF150087F4CF /* main.cpp */ = {isa = PBXFileReference; lastKnownFileType = sourcecode.cpp.cpp; path = main.cpp; sourceTree = "<group>"; };
		F7CBC7481F77BF720087F4CF /* DisjSets.cpp */ = {isa = PBXFileReference; fileEncoding = 4; lastKnownFileType = sourcecode.cpp.cpp; path = DisjSets.cpp; sourceTree = "<group>"; };
		F7CBC7491F77BF720087F4CF /* DisjSets.hpp */ = {isa = PBXFileReference; fileEncoding = 4; lastKnownFileType = sourcecode.cpp.h; path = DisjSets.hpp; sourceTree = "<group>"; };
		F7CBC74A1F77BF720087F4CF /* Edge.cpp */ = {isa = PBXFileReference; fileEncoding = 4; lastKnownFileType = sourcecode.cpp.cpp; path = Edge.cpp; sourceTree = "<group>"; };
		F7CBC74C1F77BF730087F4CF /* Graph.cpp */ = {isa = PBXFileReference; fileEncoding = 4; lastKnownFileType = sourcecode.cpp.cpp; path = Graph.cpp; sourceTree = "<group>"; };
		F7CBC74D1F77BF730087F4CF /* Vertex.cpp */ = {isa = PBXFileReference; fileEncoding = 4; lastKnownFileType = sourcecode.cpp.cpp; path = Vertex.cpp; sourceTree = "<group>"; };
		F7CBC74E1F77BF730087F4CF /* Vertex.hpp */ = {isa = PBXFileReference; fileEncoding = 4; lastKnownFileType = sourcecode.cpp.h; path = Vertex.hpp; sourceTree = "<group>"; };
		F7CBC74F1F77BF740087F4CF /* Edge.hpp */ = {isa = PBXFileReference; fileEncoding = 4; lastKnownFileType = sourcecode.cpp.h; path = Edge.hpp; sourceTree = "<group>"; };
		F7CBC7501F77BF740087F4CF /* Graph.hpp */ = {isa = PBXFileReference; fileEncoding = 4; lastKnownFileType = sourcecode.cpp.h; path = Graph.hpp; sourceTree = "<group>"; };
		F7DC70F81F77CFD20026C998 /* Box.cpp */ = {isa = PBXFileReference; lastKnownFileType = sourcecode.cpp.cpp; path = Box.cpp; sourceTree = "<group>"; };
		F7DC70F91F77CFD20026C998 /* Box.hpp */ = {isa = PBXFileReference; lastKnownFileType = sourcecode.cpp.h; path = Box.hpp; sourceTree = "<group>"; };
/* End PBXFileReference section */

/* Begin PBXFrameworksBuildPhase section */
		F7CBC73A1F77BF150087F4CF /* Frameworks */ = {
			isa = PBXFrameworksBuildPhase;
			buildActionMask = 2147483647;
			files = (
			);
			runOnlyForDeploymentPostprocessing = 0;
		};
/* End PBXFrameworksBuildPhase section */

/* Begin PBXGroup section */
		F7CBC7341F77BF140087F4CF = {
			isa = PBXGroup;
			children = (
				F7CBC73F1F77BF150087F4CF /* Sokoban */,
				F7CBC73E1F77BF150087F4CF /* Products */,
			);
			sourceTree = "<group>";
		};
		F7CBC73E1F77BF150087F4CF /* Products */ = {
			isa = PBXGroup;
			children = (
				F7CBC73D1F77BF150087F4CF /* Sokoban */,
			);
			name = Products;
			sourceTree = "<group>";
		};
		F7CBC73F1F77BF150087F4CF /* Sokoban */ = {
			isa = PBXGroup;
			children = (
				F7CBC7401F77BF150087F4CF /* main.cpp */,
				F7DC70F81F77CFD20026C998 /* Box.cpp */,
				F7DC70F91F77CFD20026C998 /* Box.hpp */,
				F7CBC7481F77BF720087F4CF /* DisjSets.cpp */,
				F7CBC7491F77BF720087F4CF /* DisjSets.hpp */,
				F7CBC74A1F77BF720087F4CF /* Edge.cpp */,
				F7CBC74F1F77BF740087F4CF /* Edge.hpp */,
				F7CBC74C1F77BF730087F4CF /* Graph.cpp */,
				F7CBC7501F77BF740087F4CF /* Graph.hpp */,
				F7CBC74D1F77BF730087F4CF /* Vertex.cpp */,
				F7CBC74E1F77BF730087F4CF /* Vertex.hpp */,
			);
			path = Sokoban;
			sourceTree = "<group>";
		};
/* End PBXGroup section */

/* Begin PBXNativeTarget section */
		F7CBC73C1F77BF150087F4CF /* Sokoban */ = {
			isa = PBXNativeTarget;
			buildConfigurationList = F7CBC7441F77BF150087F4CF /* Build configuration list for PBXNativeTarget "Sokoban" */;
			buildPhases = (
				F7CBC7391F77BF150087F4CF /* Sources */,
				F7CBC73A1F77BF150087F4CF /* Frameworks */,
				F7CBC73B1F77BF150087F4CF /* CopyFiles */,
			);
			buildRules = (
			);
			dependencies = (
			);
			name = Sokoban;
			productName = Sokoban;
			productReference = F7CBC73D1F77BF150087F4CF /* Sokoban */;
			productType = "com.apple.product-type.tool";
		};
/* End PBXNativeTarget section */

/* Begin PBXProject section */
		F7CBC7351F77BF140087F4CF /* Project object */ = {
			isa = PBXProject;
			attributes = {
				LastUpgradeCheck = 0900;
				ORGANIZATIONNAME = Thor;
				TargetAttributes = {
					F7CBC73C1F77BF150087F4CF = {
						CreatedOnToolsVersion = 9.0;
						ProvisioningStyle = Automatic;
					};
				};
			};
			buildConfigurationList = F7CBC7381F77BF140087F4CF /* Build configuration list for PBXProject "Sokoban" */;
			compatibilityVersion = "Xcode 8.0";
			developmentRegion = en;
			hasScannedForEncodings = 0;
			knownRegions = (
				en,
			);
			mainGroup = F7CBC7341F77BF140087F4CF;
			productRefGroup = F7CBC73E1F77BF150087F4CF /* Products */;
			projectDirPath = "";
			projectRoot = "";
			targets = (
				F7CBC73C1F77BF150087F4CF /* Sokoban */,
			);
		};
/* End PBXProject section */

/* Begin PBXSourcesBuildPhase section */
		F7CBC7391F77BF150087F4CF /* Sources */ = {
			isa = PBXSourcesBuildPhase;
			buildActionMask = 2147483647;
			files = (
				F7CBC7411F77BF150087F4CF /* main.cpp in Sources */,
				F7CBC7531F77BF740087F4CF /* Edge.cpp in Sources */,
				F7CBC7551F77BF740087F4CF /* Vertex.cpp in Sources */,
				F7CBC7521F77BF740087F4CF /* DisjSets.cpp in Sources */,
				F7CBC7541F77BF740087F4CF /* Graph.cpp in Sources */,
				F7DC70FA1F77CFD20026C998 /* Box.cpp in Sources */,
			);
			runOnlyForDeploymentPostprocessing = 0;
		};
/* End PBXSourcesBuildPhase section */

/* Begin XCBuildConfiguration section */
		F7CBC7421F77BF150087F4CF /* Debug */ = {
			isa = XCBuildConfiguration;
			buildSettings = {
				ALWAYS_SEARCH_USER_PATHS = NO;
				CLANG_ANALYZER_NONNULL = YES;
				CLANG_ANALYZER_NUMBER_OBJECT_CONVERSION = YES_AGGRESSIVE;
				CLANG_CXX_LANGUAGE_STANDARD = "gnu++14";
				CLANG_CXX_LIBRARY = "libc++";
				CLANG_ENABLE_MODULES = YES;
				CLANG_ENABLE_OBJC_ARC = YES;
				CLANG_WARN_BLOCK_CAPTURE_AUTORELEASING = YES;
				CLANG_WARN_BOOL_CONVERSION = YES;
				CLANG_WARN_COMMA = YES;
				CLANG_WARN_CONSTANT_CONVERSION = YES;
				CLANG_WARN_DIRECT_OBJC_ISA_USAGE = YES_ERROR;
				CLANG_WARN_DOCUMENTATION_COMMENTS = YES;
				CLANG_WARN_EMPTY_BODY = YES;
				CLANG_WARN_ENUM_CONVERSION = YES;
				CLANG_WARN_INFINITE_RECURSION = YES;
				CLANG_WARN_INT_CONVERSION = YES;
				CLANG_WARN_NON_LITERAL_NULL_CONVERSION = YES;
				CLANG_WARN_OBJC_LITERAL_CONVERSION = YES;
				CLANG_WARN_OBJC_ROOT_CLASS = YES_ERROR;
				CLANG_WARN_RANGE_LOOP_ANALYSIS = YES;
				CLANG_WARN_STRICT_PROTOTYPES = YES;
				CLANG_WARN_SUSPICIOUS_MOVE = YES;
				CLANG_WARN_UNGUARDED_AVAILABILITY = YES_AGGRESSIVE;
				CLANG_WARN_UNREACHABLE_CODE = YES;
				CLANG_WARN__DUPLICATE_METHOD_MATCH = YES;
				CODE_SIGN_IDENTITY = "-";
				COPY_PHASE_STRIP = NO;
				DEBUG_INFORMATION_FORMAT = dwarf;
				ENABLE_STRICT_OBJC_MSGSEND = YES;
				ENABLE_TESTABILITY = YES;
				GCC_C_LANGUAGE_STANDARD = gnu11;
				GCC_DYNAMIC_NO_PIC = NO;
				GCC_NO_COMMON_BLOCKS = YES;
				GCC_OPTIMIZATION_LEVEL = 0;
				GCC_PREPROCESSOR_DEFINITIONS = (
					"DEBUG=1",
					"$(inherited)",
				);
				GCC_WARN_64_TO_32_BIT_CONVERSION = YES;
				GCC_WARN_ABOUT_RETURN_TYPE = YES_ERROR;
				GCC_WARN_UNDECLARED_SELECTOR = YES;
				GCC_WARN_UNINITIALIZED_AUTOS = YES_AGGRESSIVE;
				GCC_WARN_UNUSED_FUNCTION = YES;
				GCC_WARN_UNUSED_VARIABLE = YES;
				MACOSX_DEPLOYMENT_TARGET = 10.12;
				MTL_ENABLE_DEBUG_INFO = YES;
				ONLY_ACTIVE_ARCH = YES;
				SDKROOT = macosx;
			};
			name = Debug;
		};
		F7CBC7431F77BF150087F4CF /* Release */ = {
			isa = XCBuildConfiguration;
			buildSettings = {
				ALWAYS_SEARCH_USER_PATHS = NO;
				CLANG_ANALYZER_NONNULL = YES;
				CLANG_ANALYZER_NUMBER_OBJECT_CONVERSION = YES_AGGRESSIVE;
				CLANG_CXX_LANGUAGE_STANDARD = "gnu++14";
				CLANG_CXX_LIBRARY = "libc++";
				CLANG_ENABLE_MODULES = YES;
				CLANG_ENABLE_OBJC_ARC = YES;
				CLANG_WARN_BLOCK_CAPTURE_AUTORELEASING = YES;
				CLANG_WARN_BOOL_CONVERSION = YES;
				CLANG_WARN_COMMA = YES;
				CLANG_WARN_CONSTANT_CONVERSION = YES;
				CLANG_WARN_DIRECT_OBJC_ISA_USAGE = YES_ERROR;
				CLANG_WARN_DOCUMENTATION_COMMENTS = YES;
				CLANG_WARN_EMPTY_BODY = YES;
				CLANG_WARN_ENUM_CONVERSION = YES;
				CLANG_WARN_INFINITE_RECURSION = YES;
				CLANG_WARN_INT_CONVERSION = YES;
				CLANG_WARN_NON_LITERAL_NULL_CONVERSION = YES;
				CLANG_WARN_OBJC_LITERAL_CONVERSION = YES;
				CLANG_WARN_OBJC_ROOT_CLASS = YES_ERROR;
				CLANG_WARN_RANGE_LOOP_ANALYSIS = YES;
				CLANG_WARN_STRICT_PROTOTYPES = YES;
				CLANG_WARN_SUSPICIOUS_MOVE = YES;
				CLANG_WARN_UNGUARDED_AVAILABILITY = YES_AGGRESSIVE;
				CLANG_WARN_UNREACHABLE_CODE = YES;
				CLANG_WARN__DUPLICATE_METHOD_MATCH = YES;
				CODE_SIGN_IDENTITY = "-";
				COPY_PHASE_STRIP = NO;
				DEBUG_INFORMATION_FORMAT = "dwarf-with-dsym";
				ENABLE_NS_ASSERTIONS = NO;
				ENABLE_STRICT_OBJC_MSGSEND = YES;
				GCC_C_LANGUAGE_STANDARD = gnu11;
				GCC_NO_COMMON_BLOCKS = YES;
				GCC_WARN_64_TO_32_BIT_CONVERSION = YES;
				GCC_WARN_ABOUT_RETURN_TYPE = YES_ERROR;
				GCC_WARN_UNDECLARED_SELECTOR = YES;
				GCC_WARN_UNINITIALIZED_AUTOS = YES_AGGRESSIVE;
				GCC_WARN_UNUSED_FUNCTION = YES;
				GCC_WARN_UNUSED_VARIABLE = YES;
				MACOSX_DEPLOYMENT_TARGET = 10.12;
				MTL_ENABLE_DEBUG_INFO = NO;
				SDKROOT = macosx;
			};
			name = Release;
		};
		F7CBC7451F77BF150087F4CF /* Debug */ = {
			isa = XCBuildConfiguration;
			buildSettings = {
				CODE_SIGN_STYLE = Automatic;
				PRODUCT_NAME = "$(TARGET_NAME)";
			};
			name = Debug;
		};
		F7CBC7461F77BF150087F4CF /* Release */ = {
			isa = XCBuildConfiguration;
			buildSettings = {
				CODE_SIGN_STYLE = Automatic;
				PRODUCT_NAME = "$(TARGET_NAME)";
			};
			name = Release;
		};
/* End XCBuildConfiguration section */

/* Begin XCConfigurationList section */
		F7CBC7381F77BF140087F4CF /* Build configuration list for PBXProject "Sokoban" */ = {
			isa = XCConfigurationList;
			buildConfigurations = (
				F7CBC7421F77BF150087F4CF /* Debug */,
				F7CBC7431F77BF150087F4CF /* Release */,
			);
			defaultConfigurationIsVisible = 0;
			defaultConfigurationName = Release;
		};
		F7CBC7441F77BF150087F4CF /* Build configuration list for PBXNativeTarget "Sokoban" */ = {
			isa = XCConfigurationList;
			buildConfigurations = (
				F7CBC7451F77BF150087F4CF /* Debug */,
				F7CBC7461F77BF150087F4CF /* Release */,
			);
			defaultConfigurationIsVisible = 0;
			defaultConfigurationName = Release;
		};
/* End XCConfigurationList section */
	};
	rootObject = F7CBC7351F77BF140087F4CF /* Project object */;
}
